// !$*UTF8*$!
{
	archiveVersion = 1;
	classes = {
	};
	objectVersion = 51;
	objects = {

/* Begin PBXBuildFile section */
		6B05803FCBE22801F56B3E95 /* Pods_StopWatch.framework in Frameworks */ = {isa = PBXBuildFile; fileRef = F1A05CF93E78CBF7A6FB9134 /* Pods_StopWatch.framework */; };
		908C8588F9E9B4A7626CA9C4 /* Pods_StopWatchTests.framework in Frameworks */ = {isa = PBXBuildFile; fileRef = 30F30DAAB49E96E60CCB0154 /* Pods_StopWatchTests.framework */; };
		AD056C072607F7F000F9D8FD /* AppDelegate.swift in Sources */ = {isa = PBXBuildFile; fileRef = AD056C062607F7F000F9D8FD /* AppDelegate.swift */; };
		AD056C0B2607F7F000F9D8FD /* ViewController.swift in Sources */ = {isa = PBXBuildFile; fileRef = AD056C0A2607F7F000F9D8FD /* ViewController.swift */; };
		AD056C0E2607F7F000F9D8FD /* Main.storyboard in Resources */ = {isa = PBXBuildFile; fileRef = AD056C0C2607F7F000F9D8FD /* Main.storyboard */; };
		AD056C112607F7F000F9D8FD /* StopWatch.xcdatamodeld in Sources */ = {isa = PBXBuildFile; fileRef = AD056C0F2607F7F000F9D8FD /* StopWatch.xcdatamodeld */; };
		AD056C132607F7F100F9D8FD /* Assets.xcassets in Resources */ = {isa = PBXBuildFile; fileRef = AD056C122607F7F100F9D8FD /* Assets.xcassets */; };
		AD056C162607F7F100F9D8FD /* LaunchScreen.storyboard in Resources */ = {isa = PBXBuildFile; fileRef = AD056C142607F7F100F9D8FD /* LaunchScreen.storyboard */; };
		AD056C212607F7F100F9D8FD /* StopWatchTests.swift in Sources */ = {isa = PBXBuildFile; fileRef = AD056C202607F7F100F9D8FD /* StopWatchTests.swift */; };
		AD056C2C2607F7F100F9D8FD /* StopWatchUITests.swift in Sources */ = {isa = PBXBuildFile; fileRef = AD056C2B2607F7F100F9D8FD /* StopWatchUITests.swift */; };
		AD8736F0260F72F800E0F5AD /* Extensions.swift in Sources */ = {isa = PBXBuildFile; fileRef = AD8736EF260F72F800E0F5AD /* Extensions.swift */; };
		AD873719260F782400E0F5AD /* SceneDelegate.swift in Sources */ = {isa = PBXBuildFile; fileRef = AD873718260F782400E0F5AD /* SceneDelegate.swift */; };
		AD873728260F82B000E0F5AD /* NetworkManager.swift in Sources */ = {isa = PBXBuildFile; fileRef = AD873727260F82B000E0F5AD /* NetworkManager.swift */; };
		AD87372D260F82E300E0F5AD /* RandomUser.swift in Sources */ = {isa = PBXBuildFile; fileRef = AD87372C260F82E300E0F5AD /* RandomUser.swift */; };
		AD873736260F864700E0F5AD /* PlayersViewController.swift in Sources */ = {isa = PBXBuildFile; fileRef = AD873735260F864700E0F5AD /* PlayersViewController.swift */; };
		AD87373F260F899D00E0F5AD /* EmpaticaPlayer.swift in Sources */ = {isa = PBXBuildFile; fileRef = AD87373E260F899D00E0F5AD /* EmpaticaPlayer.swift */; };
		AD873747260F8BB700E0F5AD /* ParserManager.swift in Sources */ = {isa = PBXBuildFile; fileRef = AD873746260F8BB700E0F5AD /* ParserManager.swift */; };
		ADC6D7BD2610CE6C00219958 /* SessionViewController.swift in Sources */ = {isa = PBXBuildFile; fileRef = ADC6D7BC2610CE6C00219958 /* SessionViewController.swift */; };
		ADC6D7C52610CEFD00219958 /* SessionPlayer.swift in Sources */ = {isa = PBXBuildFile; fileRef = ADC6D7C42610CEFD00219958 /* SessionPlayer.swift */; };
		ADC6D7CA2610CF6200219958 /* SessionsManager.swift in Sources */ = {isa = PBXBuildFile; fileRef = ADC6D7C92610CF6200219958 /* SessionsManager.swift */; };
		ADE23DBB260FC83800D75024 /* PlayerTableViewCell.swift in Sources */ = {isa = PBXBuildFile; fileRef = ADE23DB9260FC83800D75024 /* PlayerTableViewCell.swift */; };
		ADE23DBC260FC83800D75024 /* PlayerTableViewCell.xib in Resources */ = {isa = PBXBuildFile; fileRef = ADE23DBA260FC83800D75024 /* PlayerTableViewCell.xib */; };
		FF5D90E854E183CD25357386 /* Pods_StopWatch_StopWatchUITests.framework in Frameworks */ = {isa = PBXBuildFile; fileRef = E1BE387A2FFD01343375C366 /* Pods_StopWatch_StopWatchUITests.framework */; };
/* End PBXBuildFile section */

/* Begin PBXContainerItemProxy section */
		AD056C1D2607F7F100F9D8FD /* PBXContainerItemProxy */ = {
			isa = PBXContainerItemProxy;
			containerPortal = AD056BFB2607F7EF00F9D8FD /* Project object */;
			proxyType = 1;
			remoteGlobalIDString = AD056C022607F7F000F9D8FD;
			remoteInfo = StopWatch;
		};
		AD056C282607F7F100F9D8FD /* PBXContainerItemProxy */ = {
			isa = PBXContainerItemProxy;
			containerPortal = AD056BFB2607F7EF00F9D8FD /* Project object */;
			proxyType = 1;
			remoteGlobalIDString = AD056C022607F7F000F9D8FD;
			remoteInfo = StopWatch;
		};
/* End PBXContainerItemProxy section */

/* Begin PBXFileReference section */
		17FCB1D04AC3833FE227884A /* Pods-StopWatch.release.xcconfig */ = {isa = PBXFileReference; includeInIndex = 1; lastKnownFileType = text.xcconfig; name = "Pods-StopWatch.release.xcconfig"; path = "Target Support Files/Pods-StopWatch/Pods-StopWatch.release.xcconfig"; sourceTree = "<group>"; };
		2E733530A1BC1D73677AF28B /* Pods-StopWatch-StopWatchUITests.release.xcconfig */ = {isa = PBXFileReference; includeInIndex = 1; lastKnownFileType = text.xcconfig; name = "Pods-StopWatch-StopWatchUITests.release.xcconfig"; path = "Target Support Files/Pods-StopWatch-StopWatchUITests/Pods-StopWatch-StopWatchUITests.release.xcconfig"; sourceTree = "<group>"; };
		30F30DAAB49E96E60CCB0154 /* Pods_StopWatchTests.framework */ = {isa = PBXFileReference; explicitFileType = wrapper.framework; includeInIndex = 0; path = Pods_StopWatchTests.framework; sourceTree = BUILT_PRODUCTS_DIR; };
		4F9C9563CBAF66EDE177B088 /* Pods-StopWatch.debug.xcconfig */ = {isa = PBXFileReference; includeInIndex = 1; lastKnownFileType = text.xcconfig; name = "Pods-StopWatch.debug.xcconfig"; path = "Target Support Files/Pods-StopWatch/Pods-StopWatch.debug.xcconfig"; sourceTree = "<group>"; };
		513F50F921B0608585F3A0B7 /* Pods-StopWatchTests.release.xcconfig */ = {isa = PBXFileReference; includeInIndex = 1; lastKnownFileType = text.xcconfig; name = "Pods-StopWatchTests.release.xcconfig"; path = "Target Support Files/Pods-StopWatchTests/Pods-StopWatchTests.release.xcconfig"; sourceTree = "<group>"; };
		83E437C6832CA01546FFC34D /* Pods-StopWatchTests.debug.xcconfig */ = {isa = PBXFileReference; includeInIndex = 1; lastKnownFileType = text.xcconfig; name = "Pods-StopWatchTests.debug.xcconfig"; path = "Target Support Files/Pods-StopWatchTests/Pods-StopWatchTests.debug.xcconfig"; sourceTree = "<group>"; };
		AD056C032607F7F000F9D8FD /* StopWatch.app */ = {isa = PBXFileReference; explicitFileType = wrapper.application; includeInIndex = 0; path = StopWatch.app; sourceTree = BUILT_PRODUCTS_DIR; };
		AD056C062607F7F000F9D8FD /* AppDelegate.swift */ = {isa = PBXFileReference; lastKnownFileType = sourcecode.swift; path = AppDelegate.swift; sourceTree = "<group>"; };
		AD056C0A2607F7F000F9D8FD /* ViewController.swift */ = {isa = PBXFileReference; lastKnownFileType = sourcecode.swift; path = ViewController.swift; sourceTree = "<group>"; };
		AD056C0D2607F7F000F9D8FD /* Base */ = {isa = PBXFileReference; lastKnownFileType = file.storyboard; name = Base; path = Base.lproj/Main.storyboard; sourceTree = "<group>"; };
		AD056C102607F7F000F9D8FD /* StopWatch.xcdatamodel */ = {isa = PBXFileReference; lastKnownFileType = wrapper.xcdatamodel; path = StopWatch.xcdatamodel; sourceTree = "<group>"; };
		AD056C122607F7F100F9D8FD /* Assets.xcassets */ = {isa = PBXFileReference; lastKnownFileType = folder.assetcatalog; path = Assets.xcassets; sourceTree = "<group>"; };
		AD056C152607F7F100F9D8FD /* Base */ = {isa = PBXFileReference; lastKnownFileType = file.storyboard; name = Base; path = Base.lproj/LaunchScreen.storyboard; sourceTree = "<group>"; };
		AD056C172607F7F100F9D8FD /* Info.plist */ = {isa = PBXFileReference; lastKnownFileType = text.plist.xml; path = Info.plist; sourceTree = "<group>"; };
		AD056C1C2607F7F100F9D8FD /* StopWatchTests.xctest */ = {isa = PBXFileReference; explicitFileType = wrapper.cfbundle; includeInIndex = 0; path = StopWatchTests.xctest; sourceTree = BUILT_PRODUCTS_DIR; };
		AD056C202607F7F100F9D8FD /* StopWatchTests.swift */ = {isa = PBXFileReference; lastKnownFileType = sourcecode.swift; path = StopWatchTests.swift; sourceTree = "<group>"; };
		AD056C222607F7F100F9D8FD /* Info.plist */ = {isa = PBXFileReference; lastKnownFileType = text.plist.xml; path = Info.plist; sourceTree = "<group>"; };
		AD056C272607F7F100F9D8FD /* StopWatchUITests.xctest */ = {isa = PBXFileReference; explicitFileType = wrapper.cfbundle; includeInIndex = 0; path = StopWatchUITests.xctest; sourceTree = BUILT_PRODUCTS_DIR; };
		AD056C2B2607F7F100F9D8FD /* StopWatchUITests.swift */ = {isa = PBXFileReference; lastKnownFileType = sourcecode.swift; path = StopWatchUITests.swift; sourceTree = "<group>"; };
		AD056C2D2607F7F100F9D8FD /* Info.plist */ = {isa = PBXFileReference; lastKnownFileType = text.plist.xml; path = Info.plist; sourceTree = "<group>"; };
		AD8736EF260F72F800E0F5AD /* Extensions.swift */ = {isa = PBXFileReference; lastKnownFileType = sourcecode.swift; path = Extensions.swift; sourceTree = "<group>"; };
		AD873718260F782400E0F5AD /* SceneDelegate.swift */ = {isa = PBXFileReference; fileEncoding = 4; lastKnownFileType = sourcecode.swift; path = SceneDelegate.swift; sourceTree = "<group>"; };
		AD873727260F82B000E0F5AD /* NetworkManager.swift */ = {isa = PBXFileReference; lastKnownFileType = sourcecode.swift; path = NetworkManager.swift; sourceTree = "<group>"; };
		AD87372C260F82E300E0F5AD /* RandomUser.swift */ = {isa = PBXFileReference; lastKnownFileType = sourcecode.swift; path = RandomUser.swift; sourceTree = "<group>"; };
		AD873735260F864700E0F5AD /* PlayersViewController.swift */ = {isa = PBXFileReference; lastKnownFileType = sourcecode.swift; path = PlayersViewController.swift; sourceTree = "<group>"; };
		AD87373E260F899D00E0F5AD /* EmpaticaPlayer.swift */ = {isa = PBXFileReference; lastKnownFileType = sourcecode.swift; path = EmpaticaPlayer.swift; sourceTree = "<group>"; };
		AD873746260F8BB700E0F5AD /* ParserManager.swift */ = {isa = PBXFileReference; lastKnownFileType = sourcecode.swift; path = ParserManager.swift; sourceTree = "<group>"; };
		ADC6D7BC2610CE6C00219958 /* SessionViewController.swift */ = {isa = PBXFileReference; lastKnownFileType = sourcecode.swift; path = SessionViewController.swift; sourceTree = "<group>"; };
		ADC6D7C42610CEFD00219958 /* SessionPlayer.swift */ = {isa = PBXFileReference; lastKnownFileType = sourcecode.swift; path = SessionPlayer.swift; sourceTree = "<group>"; };
		ADC6D7C92610CF6200219958 /* SessionsManager.swift */ = {isa = PBXFileReference; lastKnownFileType = sourcecode.swift; path = SessionsManager.swift; sourceTree = "<group>"; };
		ADE23DB9260FC83800D75024 /* PlayerTableViewCell.swift */ = {isa = PBXFileReference; lastKnownFileType = sourcecode.swift; path = PlayerTableViewCell.swift; sourceTree = "<group>"; };
		ADE23DBA260FC83800D75024 /* PlayerTableViewCell.xib */ = {isa = PBXFileReference; lastKnownFileType = file.xib; path = PlayerTableViewCell.xib; sourceTree = "<group>"; };
		E1BE387A2FFD01343375C366 /* Pods_StopWatch_StopWatchUITests.framework */ = {isa = PBXFileReference; explicitFileType = wrapper.framework; includeInIndex = 0; path = Pods_StopWatch_StopWatchUITests.framework; sourceTree = BUILT_PRODUCTS_DIR; };
		E48195EF3F82ABB0A7467714 /* Pods-StopWatch-StopWatchUITests.debug.xcconfig */ = {isa = PBXFileReference; includeInIndex = 1; lastKnownFileType = text.xcconfig; name = "Pods-StopWatch-StopWatchUITests.debug.xcconfig"; path = "Target Support Files/Pods-StopWatch-StopWatchUITests/Pods-StopWatch-StopWatchUITests.debug.xcconfig"; sourceTree = "<group>"; };
		F1A05CF93E78CBF7A6FB9134 /* Pods_StopWatch.framework */ = {isa = PBXFileReference; explicitFileType = wrapper.framework; includeInIndex = 0; path = Pods_StopWatch.framework; sourceTree = BUILT_PRODUCTS_DIR; };
/* End PBXFileReference section */

/* Begin PBXFrameworksBuildPhase section */
		AD056C002607F7F000F9D8FD /* Frameworks */ = {
			isa = PBXFrameworksBuildPhase;
			buildActionMask = 2147483647;
			files = (
				6B05803FCBE22801F56B3E95 /* Pods_StopWatch.framework in Frameworks */,
			);
			runOnlyForDeploymentPostprocessing = 0;
		};
		AD056C192607F7F100F9D8FD /* Frameworks */ = {
			isa = PBXFrameworksBuildPhase;
			buildActionMask = 2147483647;
			files = (
				908C8588F9E9B4A7626CA9C4 /* Pods_StopWatchTests.framework in Frameworks */,
			);
			runOnlyForDeploymentPostprocessing = 0;
		};
		AD056C242607F7F100F9D8FD /* Frameworks */ = {
			isa = PBXFrameworksBuildPhase;
			buildActionMask = 2147483647;
			files = (
				FF5D90E854E183CD25357386 /* Pods_StopWatch_StopWatchUITests.framework in Frameworks */,
			);
			runOnlyForDeploymentPostprocessing = 0;
		};
/* End PBXFrameworksBuildPhase section */

/* Begin PBXGroup section */
		0F8D3F2BC3171003EBBF5EC9 /* Pods */ = {
			isa = PBXGroup;
			children = (
				4F9C9563CBAF66EDE177B088 /* Pods-StopWatch.debug.xcconfig */,
				17FCB1D04AC3833FE227884A /* Pods-StopWatch.release.xcconfig */,
				E48195EF3F82ABB0A7467714 /* Pods-StopWatch-StopWatchUITests.debug.xcconfig */,
				2E733530A1BC1D73677AF28B /* Pods-StopWatch-StopWatchUITests.release.xcconfig */,
				83E437C6832CA01546FFC34D /* Pods-StopWatchTests.debug.xcconfig */,
				513F50F921B0608585F3A0B7 /* Pods-StopWatchTests.release.xcconfig */,
			);
			path = Pods;
			sourceTree = "<group>";
		};
		1B486ADC5341900D29EE11E7 /* Frameworks */ = {
			isa = PBXGroup;
			children = (
				F1A05CF93E78CBF7A6FB9134 /* Pods_StopWatch.framework */,
				E1BE387A2FFD01343375C366 /* Pods_StopWatch_StopWatchUITests.framework */,
				30F30DAAB49E96E60CCB0154 /* Pods_StopWatchTests.framework */,
			);
			name = Frameworks;
			sourceTree = "<group>";
		};
		AD056BFA2607F7EF00F9D8FD = {
			isa = PBXGroup;
			children = (
				AD056C052607F7F000F9D8FD /* StopWatch */,
				AD056C1F2607F7F100F9D8FD /* StopWatchTests */,
				AD056C2A2607F7F100F9D8FD /* StopWatchUITests */,
				AD056C042607F7F000F9D8FD /* Products */,
				0F8D3F2BC3171003EBBF5EC9 /* Pods */,
				1B486ADC5341900D29EE11E7 /* Frameworks */,
			);
			sourceTree = "<group>";
		};
		AD056C042607F7F000F9D8FD /* Products */ = {
			isa = PBXGroup;
			children = (
				AD056C032607F7F000F9D8FD /* StopWatch.app */,
				AD056C1C2607F7F100F9D8FD /* StopWatchTests.xctest */,
				AD056C272607F7F100F9D8FD /* StopWatchUITests.xctest */,
			);
			name = Products;
			sourceTree = "<group>";
		};
		AD056C052607F7F000F9D8FD /* StopWatch */ = {
			isa = PBXGroup;
			children = (
				AD056C0C2607F7F000F9D8FD /* Main.storyboard */,
				AD87373D260F896400E0F5AD /* Model */,
				AD873734260F860D00E0F5AD /* Controller */,
				AD87371D260F823700E0F5AD /* Network */,
				AD8736EE260F728400E0F5AD /* Utils */,
				AD056C062607F7F000F9D8FD /* AppDelegate.swift */,
				AD873718260F782400E0F5AD /* SceneDelegate.swift */,
				AD056C0A2607F7F000F9D8FD /* ViewController.swift */,
				AD056C122607F7F100F9D8FD /* Assets.xcassets */,
				AD056C142607F7F100F9D8FD /* LaunchScreen.storyboard */,
				AD056C172607F7F100F9D8FD /* Info.plist */,
				AD056C0F2607F7F000F9D8FD /* StopWatch.xcdatamodeld */,
			);
			path = StopWatch;
			sourceTree = "<group>";
		};
		AD056C1F2607F7F100F9D8FD /* StopWatchTests */ = {
			isa = PBXGroup;
			children = (
				AD056C202607F7F100F9D8FD /* StopWatchTests.swift */,
				AD056C222607F7F100F9D8FD /* Info.plist */,
			);
			path = StopWatchTests;
			sourceTree = "<group>";
		};
		AD056C2A2607F7F100F9D8FD /* StopWatchUITests */ = {
			isa = PBXGroup;
			children = (
				AD056C2B2607F7F100F9D8FD /* StopWatchUITests.swift */,
				AD056C2D2607F7F100F9D8FD /* Info.plist */,
			);
			path = StopWatchUITests;
			sourceTree = "<group>";
		};
		AD8736EE260F728400E0F5AD /* Utils */ = {
			isa = PBXGroup;
			children = (
				ADC6D7C92610CF6200219958 /* SessionsManager.swift */,
				AD8736EF260F72F800E0F5AD /* Extensions.swift */,
			);
			path = Utils;
			sourceTree = "<group>";
		};
		AD87371D260F823700E0F5AD /* Network */ = {
			isa = PBXGroup;
			children = (
				ADE23DC0260FC87800D75024 /* API */,
				AD873727260F82B000E0F5AD /* NetworkManager.swift */,
			);
			path = Network;
			sourceTree = "<group>";
		};
		AD873734260F860D00E0F5AD /* Controller */ = {
			isa = PBXGroup;
			children = (
				ADC6D7BB2610CE5700219958 /* Session */,
				ADE23DB8260FC77900D75024 /* LeaderBoard */,
				ADE23DB7260FC76C00D75024 /* Players */,
			);
			path = Controller;
			sourceTree = "<group>";
		};
		AD87373D260F896400E0F5AD /* Model */ = {
			isa = PBXGroup;
			children = (
				AD87373E260F899D00E0F5AD /* EmpaticaPlayer.swift */,
				ADC6D7C42610CEFD00219958 /* SessionPlayer.swift */,
			);
			path = Model;
			sourceTree = "<group>";
		};
		ADC6D7BB2610CE5700219958 /* Session */ = {
			isa = PBXGroup;
			children = (
				ADC6D7BC2610CE6C00219958 /* SessionViewController.swift */,
			);
			path = Session;
			sourceTree = "<group>";
		};
		ADE23DB7260FC76C00D75024 /* Players */ = {
			isa = PBXGroup;
			children = (
				AD873735260F864700E0F5AD /* PlayersViewController.swift */,
				ADE23DB9260FC83800D75024 /* PlayerTableViewCell.swift */,
				ADE23DBA260FC83800D75024 /* PlayerTableViewCell.xib */,
			);
			path = Players;
			sourceTree = "<group>";
		};
		ADE23DB8260FC77900D75024 /* LeaderBoard */ = {
			isa = PBXGroup;
			children = (
			);
			path = LeaderBoard;
			sourceTree = "<group>";
		};
		ADE23DC0260FC87800D75024 /* API */ = {
			isa = PBXGroup;
			children = (
				AD87372C260F82E300E0F5AD /* RandomUser.swift */,
				AD873746260F8BB700E0F5AD /* ParserManager.swift */,
			);
			path = API;
			sourceTree = "<group>";
		};
/* End PBXGroup section */

/* Begin PBXNativeTarget section */
		AD056C022607F7F000F9D8FD /* StopWatch */ = {
			isa = PBXNativeTarget;
			buildConfigurationList = AD056C302607F7F100F9D8FD /* Build configuration list for PBXNativeTarget "StopWatch" */;
			buildPhases = (
				DAADF5592920120893A3D23F /* [CP] Check Pods Manifest.lock */,
				AD056BFF2607F7F000F9D8FD /* Sources */,
				AD056C002607F7F000F9D8FD /* Frameworks */,
				AD056C012607F7F000F9D8FD /* Resources */,
				1FE1F1668DAAF0EFDB32DA9E /* [CP] Embed Pods Frameworks */,
			);
			buildRules = (
			);
			dependencies = (
			);
			name = StopWatch;
			productName = StopWatch;
			productReference = AD056C032607F7F000F9D8FD /* StopWatch.app */;
			productType = "com.apple.product-type.application";
		};
		AD056C1B2607F7F100F9D8FD /* StopWatchTests */ = {
			isa = PBXNativeTarget;
			buildConfigurationList = AD056C332607F7F100F9D8FD /* Build configuration list for PBXNativeTarget "StopWatchTests" */;
			buildPhases = (
				54373CD9A377653B7AAF5772 /* [CP] Check Pods Manifest.lock */,
				AD056C182607F7F100F9D8FD /* Sources */,
				AD056C192607F7F100F9D8FD /* Frameworks */,
				AD056C1A2607F7F100F9D8FD /* Resources */,
			);
			buildRules = (
			);
			dependencies = (
				AD056C1E2607F7F100F9D8FD /* PBXTargetDependency */,
			);
			name = StopWatchTests;
			productName = StopWatchTests;
			productReference = AD056C1C2607F7F100F9D8FD /* StopWatchTests.xctest */;
			productType = "com.apple.product-type.bundle.unit-test";
		};
		AD056C262607F7F100F9D8FD /* StopWatchUITests */ = {
			isa = PBXNativeTarget;
			buildConfigurationList = AD056C362607F7F100F9D8FD /* Build configuration list for PBXNativeTarget "StopWatchUITests" */;
			buildPhases = (
				DE77A4760CBF9F5B9E4D5CB7 /* [CP] Check Pods Manifest.lock */,
				AD056C232607F7F100F9D8FD /* Sources */,
				AD056C242607F7F100F9D8FD /* Frameworks */,
				AD056C252607F7F100F9D8FD /* Resources */,
				C1A315E0AFAE57BB2A5E078B /* [CP] Embed Pods Frameworks */,
			);
			buildRules = (
			);
			dependencies = (
				AD056C292607F7F100F9D8FD /* PBXTargetDependency */,
			);
			name = StopWatchUITests;
			productName = StopWatchUITests;
			productReference = AD056C272607F7F100F9D8FD /* StopWatchUITests.xctest */;
			productType = "com.apple.product-type.bundle.ui-testing";
		};
/* End PBXNativeTarget section */

/* Begin PBXProject section */
		AD056BFB2607F7EF00F9D8FD /* Project object */ = {
			isa = PBXProject;
			attributes = {
				LastSwiftUpdateCheck = 1240;
				LastUpgradeCheck = 1240;
				TargetAttributes = {
					AD056C022607F7F000F9D8FD = {
						CreatedOnToolsVersion = 12.4;
					};
					AD056C1B2607F7F100F9D8FD = {
						CreatedOnToolsVersion = 12.4;
						TestTargetID = AD056C022607F7F000F9D8FD;
					};
					AD056C262607F7F100F9D8FD = {
						CreatedOnToolsVersion = 12.4;
						TestTargetID = AD056C022607F7F000F9D8FD;
					};
				};
			};
			buildConfigurationList = AD056BFE2607F7EF00F9D8FD /* Build configuration list for PBXProject "StopWatch" */;
			compatibilityVersion = "Xcode 9.3";
			developmentRegion = en;
			hasScannedForEncodings = 0;
			knownRegions = (
				en,
				Base,
			);
			mainGroup = AD056BFA2607F7EF00F9D8FD;
			productRefGroup = AD056C042607F7F000F9D8FD /* Products */;
			projectDirPath = "";
			projectRoot = "";
			targets = (
				AD056C022607F7F000F9D8FD /* StopWatch */,
				AD056C1B2607F7F100F9D8FD /* StopWatchTests */,
				AD056C262607F7F100F9D8FD /* StopWatchUITests */,
			);
		};
/* End PBXProject section */

/* Begin PBXResourcesBuildPhase section */
		AD056C012607F7F000F9D8FD /* Resources */ = {
			isa = PBXResourcesBuildPhase;
			buildActionMask = 2147483647;
			files = (
				ADE23DBC260FC83800D75024 /* PlayerTableViewCell.xib in Resources */,
				AD056C162607F7F100F9D8FD /* LaunchScreen.storyboard in Resources */,
				AD056C132607F7F100F9D8FD /* Assets.xcassets in Resources */,
				AD056C0E2607F7F000F9D8FD /* Main.storyboard in Resources */,
			);
			runOnlyForDeploymentPostprocessing = 0;
		};
		AD056C1A2607F7F100F9D8FD /* Resources */ = {
			isa = PBXResourcesBuildPhase;
			buildActionMask = 2147483647;
			files = (
			);
			runOnlyForDeploymentPostprocessing = 0;
		};
		AD056C252607F7F100F9D8FD /* Resources */ = {
			isa = PBXResourcesBuildPhase;
			buildActionMask = 2147483647;
			files = (
			);
			runOnlyForDeploymentPostprocessing = 0;
		};
/* End PBXResourcesBuildPhase section */

/* Begin PBXShellScriptBuildPhase section */
		1FE1F1668DAAF0EFDB32DA9E /* [CP] Embed Pods Frameworks */ = {
			isa = PBXShellScriptBuildPhase;
			buildActionMask = 2147483647;
			files = (
			);
			inputFileListPaths = (
				"${PODS_ROOT}/Target Support Files/Pods-StopWatch/Pods-StopWatch-frameworks-${CONFIGURATION}-input-files.xcfilelist",
			);
			name = "[CP] Embed Pods Frameworks";
			outputFileListPaths = (
				"${PODS_ROOT}/Target Support Files/Pods-StopWatch/Pods-StopWatch-frameworks-${CONFIGURATION}-output-files.xcfilelist",
			);
			runOnlyForDeploymentPostprocessing = 0;
			shellPath = /bin/sh;
			shellScript = "\"${PODS_ROOT}/Target Support Files/Pods-StopWatch/Pods-StopWatch-frameworks.sh\"\n";
			showEnvVarsInLog = 0;
		};
		54373CD9A377653B7AAF5772 /* [CP] Check Pods Manifest.lock */ = {
			isa = PBXShellScriptBuildPhase;
			buildActionMask = 2147483647;
			files = (
			);
			inputFileListPaths = (
			);
			inputPaths = (
				"${PODS_PODFILE_DIR_PATH}/Podfile.lock",
				"${PODS_ROOT}/Manifest.lock",
			);
			name = "[CP] Check Pods Manifest.lock";
			outputFileListPaths = (
			);
			outputPaths = (
				"$(DERIVED_FILE_DIR)/Pods-StopWatchTests-checkManifestLockResult.txt",
			);
			runOnlyForDeploymentPostprocessing = 0;
			shellPath = /bin/sh;
			shellScript = "diff \"${PODS_PODFILE_DIR_PATH}/Podfile.lock\" \"${PODS_ROOT}/Manifest.lock\" > /dev/null\nif [ $? != 0 ] ; then\n    # print error to STDERR\n    echo \"error: The sandbox is not in sync with the Podfile.lock. Run 'pod install' or update your CocoaPods installation.\" >&2\n    exit 1\nfi\n# This output is used by Xcode 'outputs' to avoid re-running this script phase.\necho \"SUCCESS\" > \"${SCRIPT_OUTPUT_FILE_0}\"\n";
			showEnvVarsInLog = 0;
		};
		C1A315E0AFAE57BB2A5E078B /* [CP] Embed Pods Frameworks */ = {
			isa = PBXShellScriptBuildPhase;
			buildActionMask = 2147483647;
			files = (
			);
			inputFileListPaths = (
				"${PODS_ROOT}/Target Support Files/Pods-StopWatch-StopWatchUITests/Pods-StopWatch-StopWatchUITests-frameworks-${CONFIGURATION}-input-files.xcfilelist",
			);
			name = "[CP] Embed Pods Frameworks";
			outputFileListPaths = (
				"${PODS_ROOT}/Target Support Files/Pods-StopWatch-StopWatchUITests/Pods-StopWatch-StopWatchUITests-frameworks-${CONFIGURATION}-output-files.xcfilelist",
			);
			runOnlyForDeploymentPostprocessing = 0;
			shellPath = /bin/sh;
			shellScript = "\"${PODS_ROOT}/Target Support Files/Pods-StopWatch-StopWatchUITests/Pods-StopWatch-StopWatchUITests-frameworks.sh\"\n";
			showEnvVarsInLog = 0;
		};
		DAADF5592920120893A3D23F /* [CP] Check Pods Manifest.lock */ = {
			isa = PBXShellScriptBuildPhase;
			buildActionMask = 2147483647;
			files = (
			);
			inputFileListPaths = (
			);
			inputPaths = (
				"${PODS_PODFILE_DIR_PATH}/Podfile.lock",
				"${PODS_ROOT}/Manifest.lock",
			);
			name = "[CP] Check Pods Manifest.lock";
			outputFileListPaths = (
			);
			outputPaths = (
				"$(DERIVED_FILE_DIR)/Pods-StopWatch-checkManifestLockResult.txt",
			);
			runOnlyForDeploymentPostprocessing = 0;
			shellPath = /bin/sh;
			shellScript = "diff \"${PODS_PODFILE_DIR_PATH}/Podfile.lock\" \"${PODS_ROOT}/Manifest.lock\" > /dev/null\nif [ $? != 0 ] ; then\n    # print error to STDERR\n    echo \"error: The sandbox is not in sync with the Podfile.lock. Run 'pod install' or update your CocoaPods installation.\" >&2\n    exit 1\nfi\n# This output is used by Xcode 'outputs' to avoid re-running this script phase.\necho \"SUCCESS\" > \"${SCRIPT_OUTPUT_FILE_0}\"\n";
			showEnvVarsInLog = 0;
		};
		DE77A4760CBF9F5B9E4D5CB7 /* [CP] Check Pods Manifest.lock */ = {
			isa = PBXShellScriptBuildPhase;
			buildActionMask = 2147483647;
			files = (
			);
			inputFileListPaths = (
			);
			inputPaths = (
				"${PODS_PODFILE_DIR_PATH}/Podfile.lock",
				"${PODS_ROOT}/Manifest.lock",
			);
			name = "[CP] Check Pods Manifest.lock";
			outputFileListPaths = (
			);
			outputPaths = (
				"$(DERIVED_FILE_DIR)/Pods-StopWatch-StopWatchUITests-checkManifestLockResult.txt",
			);
			runOnlyForDeploymentPostprocessing = 0;
			shellPath = /bin/sh;
			shellScript = "diff \"${PODS_PODFILE_DIR_PATH}/Podfile.lock\" \"${PODS_ROOT}/Manifest.lock\" > /dev/null\nif [ $? != 0 ] ; then\n    # print error to STDERR\n    echo \"error: The sandbox is not in sync with the Podfile.lock. Run 'pod install' or update your CocoaPods installation.\" >&2\n    exit 1\nfi\n# This output is used by Xcode 'outputs' to avoid re-running this script phase.\necho \"SUCCESS\" > \"${SCRIPT_OUTPUT_FILE_0}\"\n";
			showEnvVarsInLog = 0;
		};
/* End PBXShellScriptBuildPhase section */

/* Begin PBXSourcesBuildPhase section */
		AD056BFF2607F7F000F9D8FD /* Sources */ = {
			isa = PBXSourcesBuildPhase;
			buildActionMask = 2147483647;
			files = (
				AD87373F260F899D00E0F5AD /* EmpaticaPlayer.swift in Sources */,
				AD87372D260F82E300E0F5AD /* RandomUser.swift in Sources */,
				ADC6D7CA2610CF6200219958 /* SessionsManager.swift in Sources */,
				AD873728260F82B000E0F5AD /* NetworkManager.swift in Sources */,
				ADC6D7C52610CEFD00219958 /* SessionPlayer.swift in Sources */,
				AD873719260F782400E0F5AD /* SceneDelegate.swift in Sources */,
				AD8736F0260F72F800E0F5AD /* Extensions.swift in Sources */,
				AD056C0B2607F7F000F9D8FD /* ViewController.swift in Sources */,
				AD873747260F8BB700E0F5AD /* ParserManager.swift in Sources */,
				ADE23DBB260FC83800D75024 /* PlayerTableViewCell.swift in Sources */,
				AD873736260F864700E0F5AD /* PlayersViewController.swift in Sources */,
				ADC6D7BD2610CE6C00219958 /* SessionViewController.swift in Sources */,
				AD056C072607F7F000F9D8FD /* AppDelegate.swift in Sources */,
				AD056C112607F7F000F9D8FD /* StopWatch.xcdatamodeld in Sources */,
			);
			runOnlyForDeploymentPostprocessing = 0;
		};
		AD056C182607F7F100F9D8FD /* Sources */ = {
			isa = PBXSourcesBuildPhase;
			buildActionMask = 2147483647;
			files = (
				AD056C212607F7F100F9D8FD /* StopWatchTests.swift in Sources */,
			);
			runOnlyForDeploymentPostprocessing = 0;
		};
		AD056C232607F7F100F9D8FD /* Sources */ = {
			isa = PBXSourcesBuildPhase;
			buildActionMask = 2147483647;
			files = (
				AD056C2C2607F7F100F9D8FD /* StopWatchUITests.swift in Sources */,
			);
			runOnlyForDeploymentPostprocessing = 0;
		};
/* End PBXSourcesBuildPhase section */

/* Begin PBXTargetDependency section */
		AD056C1E2607F7F100F9D8FD /* PBXTargetDependency */ = {
			isa = PBXTargetDependency;
			target = AD056C022607F7F000F9D8FD /* StopWatch */;
			targetProxy = AD056C1D2607F7F100F9D8FD /* PBXContainerItemProxy */;
		};
		AD056C292607F7F100F9D8FD /* PBXTargetDependency */ = {
			isa = PBXTargetDependency;
			target = AD056C022607F7F000F9D8FD /* StopWatch */;
			targetProxy = AD056C282607F7F100F9D8FD /* PBXContainerItemProxy */;
		};
/* End PBXTargetDependency section */

/* Begin PBXVariantGroup section */
		AD056C0C2607F7F000F9D8FD /* Main.storyboard */ = {
			isa = PBXVariantGroup;
			children = (
				AD056C0D2607F7F000F9D8FD /* Base */,
			);
			name = Main.storyboard;
			sourceTree = "<group>";
		};
		AD056C142607F7F100F9D8FD /* LaunchScreen.storyboard */ = {
			isa = PBXVariantGroup;
			children = (
				AD056C152607F7F100F9D8FD /* Base */,
			);
			name = LaunchScreen.storyboard;
			sourceTree = "<group>";
		};
/* End PBXVariantGroup section */

/* Begin XCBuildConfiguration section */
		AD056C2E2607F7F100F9D8FD /* Debug */ = {
			isa = XCBuildConfiguration;
			buildSettings = {
				ALWAYS_SEARCH_USER_PATHS = NO;
				CLANG_ANALYZER_NONNULL = YES;
				CLANG_ANALYZER_NUMBER_OBJECT_CONVERSION = YES_AGGRESSIVE;
				CLANG_CXX_LANGUAGE_STANDARD = "gnu++14";
				CLANG_CXX_LIBRARY = "libc++";
				CLANG_ENABLE_MODULES = YES;
				CLANG_ENABLE_OBJC_ARC = YES;
				CLANG_ENABLE_OBJC_WEAK = YES;
				CLANG_WARN_BLOCK_CAPTURE_AUTORELEASING = YES;
				CLANG_WARN_BOOL_CONVERSION = YES;
				CLANG_WARN_COMMA = YES;
				CLANG_WARN_CONSTANT_CONVERSION = YES;
				CLANG_WARN_DEPRECATED_OBJC_IMPLEMENTATIONS = YES;
				CLANG_WARN_DIRECT_OBJC_ISA_USAGE = YES_ERROR;
				CLANG_WARN_DOCUMENTATION_COMMENTS = YES;
				CLANG_WARN_EMPTY_BODY = YES;
				CLANG_WARN_ENUM_CONVERSION = YES;
				CLANG_WARN_INFINITE_RECURSION = YES;
				CLANG_WARN_INT_CONVERSION = YES;
				CLANG_WARN_NON_LITERAL_NULL_CONVERSION = YES;
				CLANG_WARN_OBJC_IMPLICIT_RETAIN_SELF = YES;
				CLANG_WARN_OBJC_LITERAL_CONVERSION = YES;
				CLANG_WARN_OBJC_ROOT_CLASS = YES_ERROR;
				CLANG_WARN_QUOTED_INCLUDE_IN_FRAMEWORK_HEADER = YES;
				CLANG_WARN_RANGE_LOOP_ANALYSIS = YES;
				CLANG_WARN_STRICT_PROTOTYPES = YES;
				CLANG_WARN_SUSPICIOUS_MOVE = YES;
				CLANG_WARN_UNGUARDED_AVAILABILITY = YES_AGGRESSIVE;
				CLANG_WARN_UNREACHABLE_CODE = YES;
				CLANG_WARN__DUPLICATE_METHOD_MATCH = YES;
				COPY_PHASE_STRIP = NO;
				DEBUG_INFORMATION_FORMAT = dwarf;
				ENABLE_STRICT_OBJC_MSGSEND = YES;
				ENABLE_TESTABILITY = YES;
				GCC_C_LANGUAGE_STANDARD = gnu11;
				GCC_DYNAMIC_NO_PIC = NO;
				GCC_NO_COMMON_BLOCKS = YES;
				GCC_OPTIMIZATION_LEVEL = 0;
				GCC_PREPROCESSOR_DEFINITIONS = (
					"DEBUG=1",
					"$(inherited)",
				);
				GCC_WARN_64_TO_32_BIT_CONVERSION = YES;
				GCC_WARN_ABOUT_RETURN_TYPE = YES_ERROR;
				GCC_WARN_UNDECLARED_SELECTOR = YES;
				GCC_WARN_UNINITIALIZED_AUTOS = YES_AGGRESSIVE;
				GCC_WARN_UNUSED_FUNCTION = YES;
				GCC_WARN_UNUSED_VARIABLE = YES;
				IPHONEOS_DEPLOYMENT_TARGET = 14.4;
				MTL_ENABLE_DEBUG_INFO = INCLUDE_SOURCE;
				MTL_FAST_MATH = YES;
				ONLY_ACTIVE_ARCH = YES;
				SDKROOT = iphoneos;
				SWIFT_ACTIVE_COMPILATION_CONDITIONS = DEBUG;
				SWIFT_OPTIMIZATION_LEVEL = "-Onone";
			};
			name = Debug;
		};
		AD056C2F2607F7F100F9D8FD /* Release */ = {
			isa = XCBuildConfiguration;
			buildSettings = {
				ALWAYS_SEARCH_USER_PATHS = NO;
				CLANG_ANALYZER_NONNULL = YES;
				CLANG_ANALYZER_NUMBER_OBJECT_CONVERSION = YES_AGGRESSIVE;
				CLANG_CXX_LANGUAGE_STANDARD = "gnu++14";
				CLANG_CXX_LIBRARY = "libc++";
				CLANG_ENABLE_MODULES = YES;
				CLANG_ENABLE_OBJC_ARC = YES;
				CLANG_ENABLE_OBJC_WEAK = YES;
				CLANG_WARN_BLOCK_CAPTURE_AUTORELEASING = YES;
				CLANG_WARN_BOOL_CONVERSION = YES;
				CLANG_WARN_COMMA = YES;
				CLANG_WARN_CONSTANT_CONVERSION = YES;
				CLANG_WARN_DEPRECATED_OBJC_IMPLEMENTATIONS = YES;
				CLANG_WARN_DIRECT_OBJC_ISA_USAGE = YES_ERROR;
				CLANG_WARN_DOCUMENTATION_COMMENTS = YES;
				CLANG_WARN_EMPTY_BODY = YES;
				CLANG_WARN_ENUM_CONVERSION = YES;
				CLANG_WARN_INFINITE_RECURSION = YES;
				CLANG_WARN_INT_CONVERSION = YES;
				CLANG_WARN_NON_LITERAL_NULL_CONVERSION = YES;
				CLANG_WARN_OBJC_IMPLICIT_RETAIN_SELF = YES;
				CLANG_WARN_OBJC_LITERAL_CONVERSION = YES;
				CLANG_WARN_OBJC_ROOT_CLASS = YES_ERROR;
				CLANG_WARN_QUOTED_INCLUDE_IN_FRAMEWORK_HEADER = YES;
				CLANG_WARN_RANGE_LOOP_ANALYSIS = YES;
				CLANG_WARN_STRICT_PROTOTYPES = YES;
				CLANG_WARN_SUSPICIOUS_MOVE = YES;
				CLANG_WARN_UNGUARDED_AVAILABILITY = YES_AGGRESSIVE;
				CLANG_WARN_UNREACHABLE_CODE = YES;
				CLANG_WARN__DUPLICATE_METHOD_MATCH = YES;
				COPY_PHASE_STRIP = NO;
				DEBUG_INFORMATION_FORMAT = "dwarf-with-dsym";
				ENABLE_NS_ASSERTIONS = NO;
				ENABLE_STRICT_OBJC_MSGSEND = YES;
				GCC_C_LANGUAGE_STANDARD = gnu11;
				GCC_NO_COMMON_BLOCKS = YES;
				GCC_WARN_64_TO_32_BIT_CONVERSION = YES;
				GCC_WARN_ABOUT_RETURN_TYPE = YES_ERROR;
				GCC_WARN_UNDECLARED_SELECTOR = YES;
				GCC_WARN_UNINITIALIZED_AUTOS = YES_AGGRESSIVE;
				GCC_WARN_UNUSED_FUNCTION = YES;
				GCC_WARN_UNUSED_VARIABLE = YES;
				IPHONEOS_DEPLOYMENT_TARGET = 14.4;
				MTL_ENABLE_DEBUG_INFO = NO;
				MTL_FAST_MATH = YES;
				SDKROOT = iphoneos;
				SWIFT_COMPILATION_MODE = wholemodule;
				SWIFT_OPTIMIZATION_LEVEL = "-O";
				VALIDATE_PRODUCT = YES;
			};
			name = Release;
		};
		AD056C312607F7F100F9D8FD /* Debug */ = {
			isa = XCBuildConfiguration;
			baseConfigurationReference = 4F9C9563CBAF66EDE177B088 /* Pods-StopWatch.debug.xcconfig */;
			buildSettings = {
				ASSETCATALOG_COMPILER_APPICON_NAME = AppIcon;
				ASSETCATALOG_COMPILER_GLOBAL_ACCENT_COLOR_NAME = AccentColor;
				CODE_SIGN_STYLE = Automatic;
				DEVELOPMENT_TEAM = 7P8P2CDK4Y;
				INFOPLIST_FILE = StopWatch/Info.plist;
				LD_RUNPATH_SEARCH_PATHS = (
					"$(inherited)",
					"@executable_path/Frameworks",
				);
				PRODUCT_BUNDLE_IDENTIFIER = it.fulgido.StopWatch;
				PRODUCT_NAME = "$(TARGET_NAME)";
				SWIFT_VERSION = 5.0;
				TARGETED_DEVICE_FAMILY = "1,2";
			};
			name = Debug;
		};
		AD056C322607F7F100F9D8FD /* Release */ = {
			isa = XCBuildConfiguration;
			baseConfigurationReference = 17FCB1D04AC3833FE227884A /* Pods-StopWatch.release.xcconfig */;
			buildSettings = {
				ASSETCATALOG_COMPILER_APPICON_NAME = AppIcon;
				ASSETCATALOG_COMPILER_GLOBAL_ACCENT_COLOR_NAME = AccentColor;
				CODE_SIGN_STYLE = Automatic;
				DEVELOPMENT_TEAM = 7P8P2CDK4Y;
				INFOPLIST_FILE = StopWatch/Info.plist;
				LD_RUNPATH_SEARCH_PATHS = (
					"$(inherited)",
					"@executable_path/Frameworks",
				);
				PRODUCT_BUNDLE_IDENTIFIER = it.fulgido.StopWatch;
				PRODUCT_NAME = "$(TARGET_NAME)";
				SWIFT_VERSION = 5.0;
				TARGETED_DEVICE_FAMILY = "1,2";
			};
			name = Release;
		};
		AD056C342607F7F100F9D8FD /* Debug */ = {
			isa = XCBuildConfiguration;
			baseConfigurationReference = 83E437C6832CA01546FFC34D /* Pods-StopWatchTests.debug.xcconfig */;
			buildSettings = {
				ALWAYS_EMBED_SWIFT_STANDARD_LIBRARIES = YES;
				BUNDLE_LOADER = "$(TEST_HOST)";
				CODE_SIGN_STYLE = Automatic;
				DEVELOPMENT_TEAM = 7P8P2CDK4Y;
				INFOPLIST_FILE = StopWatchTests/Info.plist;
				IPHONEOS_DEPLOYMENT_TARGET = 14.4;
				LD_RUNPATH_SEARCH_PATHS = (
					"$(inherited)",
					"@executable_path/Frameworks",
					"@loader_path/Frameworks",
				);
				PRODUCT_BUNDLE_IDENTIFIER = it.fulgido.StopWatchTests;
				PRODUCT_NAME = "$(TARGET_NAME)";
				SWIFT_VERSION = 5.0;
				TARGETED_DEVICE_FAMILY = "1,2";
				TEST_HOST = "$(BUILT_PRODUCTS_DIR)/StopWatch.app/StopWatch";
			};
			name = Debug;
		};
		AD056C352607F7F100F9D8FD /* Release */ = {
			isa = XCBuildConfiguration;
			baseConfigurationReference = 513F50F921B0608585F3A0B7 /* Pods-StopWatchTests.release.xcconfig */;
			buildSettings = {
				ALWAYS_EMBED_SWIFT_STANDARD_LIBRARIES = YES;
				BUNDLE_LOADER = "$(TEST_HOST)";
				CODE_SIGN_STYLE = Automatic;
				DEVELOPMENT_TEAM = 7P8P2CDK4Y;
				INFOPLIST_FILE = StopWatchTests/Info.plist;
				IPHONEOS_DEPLOYMENT_TARGET = 14.4;
				LD_RUNPATH_SEARCH_PATHS = (
					"$(inherited)",
					"@executable_path/Frameworks",
					"@loader_path/Frameworks",
				);
				PRODUCT_BUNDLE_IDENTIFIER = it.fulgido.StopWatchTests;
				PRODUCT_NAME = "$(TARGET_NAME)";
				SWIFT_VERSION = 5.0;
				TARGETED_DEVICE_FAMILY = "1,2";
				TEST_HOST = "$(BUILT_PRODUCTS_DIR)/StopWatch.app/StopWatch";
			};
			name = Release;
		};
		AD056C372607F7F100F9D8FD /* Debug */ = {
			isa = XCBuildConfiguration;
			baseConfigurationReference = E48195EF3F82ABB0A7467714 /* Pods-StopWatch-StopWatchUITests.debug.xcconfig */;
			buildSettings = {
				ALWAYS_EMBED_SWIFT_STANDARD_LIBRARIES = YES;
				CODE_SIGN_STYLE = Automatic;
				DEVELOPMENT_TEAM = 7P8P2CDK4Y;
				INFOPLIST_FILE = StopWatchUITests/Info.plist;
				LD_RUNPATH_SEARCH_PATHS = (
					"$(inherited)",
					"@executable_path/Frameworks",
					"@loader_path/Frameworks",
				);
				PRODUCT_BUNDLE_IDENTIFIER = it.fulgido.StopWatchUITests;
				PRODUCT_NAME = "$(TARGET_NAME)";
				SWIFT_VERSION = 5.0;
				TARGETED_DEVICE_FAMILY = "1,2";
				TEST_TARGET_NAME = StopWatch;
			};
			name = Debug;
		};
		AD056C382607F7F100F9D8FD /* Release */ = {
			isa = XCBuildConfiguration;
			baseConfigurationReference = 2E733530A1BC1D73677AF28B /* Pods-StopWatch-StopWatchUITests.release.xcconfig */;
			buildSettings = {
				ALWAYS_EMBED_SWIFT_STANDARD_LIBRARIES = YES;
				CODE_SIGN_STYLE = Automatic;
				DEVELOPMENT_TEAM = 7P8P2CDK4Y;
				INFOPLIST_FILE = StopWatchUITests/Info.plist;
				LD_RUNPATH_SEARCH_PATHS = (
					"$(inherited)",
					"@executable_path/Frameworks",
					"@loader_path/Frameworks",
				);
				PRODUCT_BUNDLE_IDENTIFIER = it.fulgido.StopWatchUITests;
				PRODUCT_NAME = "$(TARGET_NAME)";
				SWIFT_VERSION = 5.0;
				TARGETED_DEVICE_FAMILY = "1,2";
				TEST_TARGET_NAME = StopWatch;
			};
			name = Release;
		};
/* End XCBuildConfiguration section */

/* Begin XCConfigurationList section */
		AD056BFE2607F7EF00F9D8FD /* Build configuration list for PBXProject "StopWatch" */ = {
			isa = XCConfigurationList;
			buildConfigurations = (
				AD056C2E2607F7F100F9D8FD /* Debug */,
				AD056C2F2607F7F100F9D8FD /* Release */,
			);
			defaultConfigurationIsVisible = 0;
			defaultConfigurationName = Release;
		};
		AD056C302607F7F100F9D8FD /* Build configuration list for PBXNativeTarget "StopWatch" */ = {
			isa = XCConfigurationList;
			buildConfigurations = (
				AD056C312607F7F100F9D8FD /* Debug */,
				AD056C322607F7F100F9D8FD /* Release */,
			);
			defaultConfigurationIsVisible = 0;
			defaultConfigurationName = Release;
		};
		AD056C332607F7F100F9D8FD /* Build configuration list for PBXNativeTarget "StopWatchTests" */ = {
			isa = XCConfigurationList;
			buildConfigurations = (
				AD056C342607F7F100F9D8FD /* Debug */,
				AD056C352607F7F100F9D8FD /* Release */,
			);
			defaultConfigurationIsVisible = 0;
			defaultConfigurationName = Release;
		};
		AD056C362607F7F100F9D8FD /* Build configuration list for PBXNativeTarget "StopWatchUITests" */ = {
			isa = XCConfigurationList;
			buildConfigurations = (
				AD056C372607F7F100F9D8FD /* Debug */,
				AD056C382607F7F100F9D8FD /* Release */,
			);
			defaultConfigurationIsVisible = 0;
			defaultConfigurationName = Release;
		};
/* End XCConfigurationList section */

/* Begin XCVersionGroup section */
		AD056C0F2607F7F000F9D8FD /* StopWatch.xcdatamodeld */ = {
			isa = XCVersionGroup;
			children = (
				AD056C102607F7F000F9D8FD /* StopWatch.xcdatamodel */,
			);
			currentVersion = AD056C102607F7F000F9D8FD /* StopWatch.xcdatamodel */;
			path = StopWatch.xcdatamodeld;
			sourceTree = "<group>";
			versionGroupType = wrapper.xcdatamodel;
		};
/* End XCVersionGroup section */
	};
	rootObject = AD056BFB2607F7EF00F9D8FD /* Project object */;
}
